// !$*UTF8*$!
{
	archiveVersion = 1;
	classes = {
	};
	objectVersion = 55;
	objects = {

/* Begin PBXBuildFile section */
		382DD795EFC702D37D1818A2 /* Pods_MacOS_App_Test.framework in Frameworks */ = {isa = PBXBuildFile; fileRef = 173852B40B8011572F20F10D /* Pods_MacOS_App_Test.framework */; };
		6E6CDDA328C6419F005C17FE /* AppDelegate.swift in Sources */ = {isa = PBXBuildFile; fileRef = 6E6CDDA228C6419F005C17FE /* AppDelegate.swift */; };
		6E6CDDA528C6419F005C17FE /* ViewController.swift in Sources */ = {isa = PBXBuildFile; fileRef = 6E6CDDA428C6419F005C17FE /* ViewController.swift */; };
		6E6CDDA728C641A3005C17FE /* Assets.xcassets in Resources */ = {isa = PBXBuildFile; fileRef = 6E6CDDA628C641A3005C17FE /* Assets.xcassets */; };
		6E6CDDAA28C641A3005C17FE /* Main.storyboard in Resources */ = {isa = PBXBuildFile; fileRef = 6E6CDDA828C641A3005C17FE /* Main.storyboard */; };
		6E6CDDB428C64693005C17FE /* PopoverViewController.swift in Sources */ = {isa = PBXBuildFile; fileRef = 6E6CDDB228C64693005C17FE /* PopoverViewController.swift */; };
		6E6CDDB728C78E53005C17FE /* MainMenuItem.swift in Sources */ = {isa = PBXBuildFile; fileRef = 6E6CDDB628C78E53005C17FE /* MainMenuItem.swift */; };
		6E6CDDB928C8DFBB005C17FE /* EventMonitor.swift in Sources */ = {isa = PBXBuildFile; fileRef = 6E6CDDB828C8DFBB005C17FE /* EventMonitor.swift */; };
		AF15355928D3503A0038C1C1 /* Updater.swift in Sources */ = {isa = PBXBuildFile; fileRef = AF15355828D3503A0038C1C1 /* Updater.swift */; };
/* End PBXBuildFile section */

/* Begin PBXFileReference section */
		173852B40B8011572F20F10D /* Pods_MacOS_App_Test.framework */ = {isa = PBXFileReference; explicitFileType = wrapper.framework; includeInIndex = 0; path = Pods_MacOS_App_Test.framework; sourceTree = BUILT_PRODUCTS_DIR; };
		2A874914989C0C77E1EC88E9 /* Pods-MacOS_App_Test.debug.xcconfig */ = {isa = PBXFileReference; includeInIndex = 1; lastKnownFileType = text.xcconfig; name = "Pods-MacOS_App_Test.debug.xcconfig"; path = "Target Support Files/Pods-MacOS_App_Test/Pods-MacOS_App_Test.debug.xcconfig"; sourceTree = "<group>"; };
		6E6CDD9F28C6419F005C17FE /* MacOS_App_Test.app */ = {isa = PBXFileReference; explicitFileType = wrapper.application; includeInIndex = 0; path = MacOS_App_Test.app; sourceTree = BUILT_PRODUCTS_DIR; };
		6E6CDDA228C6419F005C17FE /* AppDelegate.swift */ = {isa = PBXFileReference; lastKnownFileType = sourcecode.swift; path = AppDelegate.swift; sourceTree = "<group>"; };
		6E6CDDA428C6419F005C17FE /* ViewController.swift */ = {isa = PBXFileReference; lastKnownFileType = sourcecode.swift; path = ViewController.swift; sourceTree = "<group>"; };
		6E6CDDA628C641A3005C17FE /* Assets.xcassets */ = {isa = PBXFileReference; lastKnownFileType = folder.assetcatalog; path = Assets.xcassets; sourceTree = "<group>"; };
		6E6CDDA928C641A3005C17FE /* Base */ = {isa = PBXFileReference; lastKnownFileType = file.storyboard; name = Base; path = Base.lproj/Main.storyboard; sourceTree = "<group>"; };
		6E6CDDAB28C641A3005C17FE /* MacOS_App_Test.entitlements */ = {isa = PBXFileReference; lastKnownFileType = text.plist.entitlements; path = MacOS_App_Test.entitlements; sourceTree = "<group>"; };
		6E6CDDB128C6421B005C17FE /* MacOS-App-Test-Info.plist */ = {isa = PBXFileReference; lastKnownFileType = text.plist; path = "MacOS-App-Test-Info.plist"; sourceTree = SOURCE_ROOT; };
		6E6CDDB228C64693005C17FE /* PopoverViewController.swift */ = {isa = PBXFileReference; lastKnownFileType = sourcecode.swift; path = PopoverViewController.swift; sourceTree = "<group>"; };
		6E6CDDB628C78E53005C17FE /* MainMenuItem.swift */ = {isa = PBXFileReference; lastKnownFileType = sourcecode.swift; path = MainMenuItem.swift; sourceTree = "<group>"; };
		6E6CDDB828C8DFBB005C17FE /* EventMonitor.swift */ = {isa = PBXFileReference; lastKnownFileType = sourcecode.swift; path = EventMonitor.swift; sourceTree = "<group>"; };
		AF15355828D3503A0038C1C1 /* Updater.swift */ = {isa = PBXFileReference; lastKnownFileType = sourcecode.swift; path = Updater.swift; sourceTree = "<group>"; };
		EA59E052E77661150A35B184 /* Pods-MacOS_App_Test.release.xcconfig */ = {isa = PBXFileReference; includeInIndex = 1; lastKnownFileType = text.xcconfig; name = "Pods-MacOS_App_Test.release.xcconfig"; path = "Target Support Files/Pods-MacOS_App_Test/Pods-MacOS_App_Test.release.xcconfig"; sourceTree = "<group>"; };
/* End PBXFileReference section */

/* Begin PBXFrameworksBuildPhase section */
		6E6CDD9C28C6419F005C17FE /* Frameworks */ = {
			isa = PBXFrameworksBuildPhase;
			buildActionMask = 2147483647;
			files = (
				382DD795EFC702D37D1818A2 /* Pods_MacOS_App_Test.framework in Frameworks */,
			);
			runOnlyForDeploymentPostprocessing = 0;
		};
/* End PBXFrameworksBuildPhase section */

/* Begin PBXGroup section */
		6E6CDD9628C6419F005C17FE = {
			isa = PBXGroup;
			children = (
				6E6CDDA128C6419F005C17FE /* MacOS_App_Test */,
				6E6CDDA028C6419F005C17FE /* Products */,
				CC85F4EB9B4CE29B094CB24D /* Pods */,
				DCD79429DF1DEEEEBEEB91AC /* Frameworks */,
			);
			sourceTree = "<group>";
		};
		6E6CDDA028C6419F005C17FE /* Products */ = {
			isa = PBXGroup;
			children = (
				6E6CDD9F28C6419F005C17FE /* MacOS_App_Test.app */,
			);
			name = Products;
			sourceTree = "<group>";
		};
		6E6CDDA128C6419F005C17FE /* MacOS_App_Test */ = {
			isa = PBXGroup;
			children = (
				6E6CDDB128C6421B005C17FE /* MacOS-App-Test-Info.plist */,
				6E6CDDA228C6419F005C17FE /* AppDelegate.swift */,
				6E6CDDA428C6419F005C17FE /* ViewController.swift */,
				6E6CDDB228C64693005C17FE /* PopoverViewController.swift */,
				6E6CDDB628C78E53005C17FE /* MainMenuItem.swift */,
				6E6CDDB828C8DFBB005C17FE /* EventMonitor.swift */,
				AF15355828D3503A0038C1C1 /* Updater.swift */,
				6E6CDDA628C641A3005C17FE /* Assets.xcassets */,
				6E6CDDA828C641A3005C17FE /* Main.storyboard */,
				6E6CDDAB28C641A3005C17FE /* MacOS_App_Test.entitlements */,
			);
			path = MacOS_App_Test;
			sourceTree = "<group>";
		};
		CC85F4EB9B4CE29B094CB24D /* Pods */ = {
			isa = PBXGroup;
			children = (
				2A874914989C0C77E1EC88E9 /* Pods-MacOS_App_Test.debug.xcconfig */,
				EA59E052E77661150A35B184 /* Pods-MacOS_App_Test.release.xcconfig */,
			);
			path = Pods;
			sourceTree = "<group>";
		};
		DCD79429DF1DEEEEBEEB91AC /* Frameworks */ = {
			isa = PBXGroup;
			children = (
				173852B40B8011572F20F10D /* Pods_MacOS_App_Test.framework */,
			);
			name = Frameworks;
			sourceTree = "<group>";
		};
/* End PBXGroup section */

/* Begin PBXNativeTarget section */
		6E6CDD9E28C6419F005C17FE /* MacOS_App_Test */ = {
			isa = PBXNativeTarget;
			buildConfigurationList = 6E6CDDAE28C641A3005C17FE /* Build configuration list for PBXNativeTarget "MacOS_App_Test" */;
			buildPhases = (
				10D16AA8F0E40E3130ED2ED3 /* [CP] Check Pods Manifest.lock */,
				6E6CDD9B28C6419F005C17FE /* Sources */,
				6E6CDD9C28C6419F005C17FE /* Frameworks */,
				6E6CDD9D28C6419F005C17FE /* Resources */,
				4C67AE3F6DD4B6054E27EBCC /* [CP] Embed Pods Frameworks */,
			);
			buildRules = (
			);
			dependencies = (
			);
			name = MacOS_App_Test;
			productName = MacOS_App_Test;
			productReference = 6E6CDD9F28C6419F005C17FE /* MacOS_App_Test.app */;
			productType = "com.apple.product-type.application";
		};
/* End PBXNativeTarget section */

/* Begin PBXProject section */
		6E6CDD9728C6419F005C17FE /* Project object */ = {
			isa = PBXProject;
			attributes = {
				BuildIndependentTargetsInParallel = 1;
				LastSwiftUpdateCheck = 1340;
				LastUpgradeCheck = 1340;
				TargetAttributes = {
					6E6CDD9E28C6419F005C17FE = {
						CreatedOnToolsVersion = 13.4.1;
					};
				};
			};
			buildConfigurationList = 6E6CDD9A28C6419F005C17FE /* Build configuration list for PBXProject "MacOS_App_Test" */;
			compatibilityVersion = "Xcode 13.0";
			developmentRegion = en;
			hasScannedForEncodings = 0;
			knownRegions = (
				en,
				Base,
			);
			mainGroup = 6E6CDD9628C6419F005C17FE;
			productRefGroup = 6E6CDDA028C6419F005C17FE /* Products */;
			projectDirPath = "";
			projectRoot = "";
			targets = (
				6E6CDD9E28C6419F005C17FE /* MacOS_App_Test */,
			);
		};
/* End PBXProject section */

/* Begin PBXResourcesBuildPhase section */
		6E6CDD9D28C6419F005C17FE /* Resources */ = {
			isa = PBXResourcesBuildPhase;
			buildActionMask = 2147483647;
			files = (
				6E6CDDA728C641A3005C17FE /* Assets.xcassets in Resources */,
				6E6CDDAA28C641A3005C17FE /* Main.storyboard in Resources */,
			);
			runOnlyForDeploymentPostprocessing = 0;
		};
/* End PBXResourcesBuildPhase section */

/* Begin PBXShellScriptBuildPhase section */
		10D16AA8F0E40E3130ED2ED3 /* [CP] Check Pods Manifest.lock */ = {
			isa = PBXShellScriptBuildPhase;
			buildActionMask = 2147483647;
			files = (
			);
			inputFileListPaths = (
			);
			inputPaths = (
				"${PODS_PODFILE_DIR_PATH}/Podfile.lock",
				"${PODS_ROOT}/Manifest.lock",
			);
			name = "[CP] Check Pods Manifest.lock";
			outputFileListPaths = (
			);
			outputPaths = (
				"$(DERIVED_FILE_DIR)/Pods-MacOS_App_Test-checkManifestLockResult.txt",
			);
			runOnlyForDeploymentPostprocessing = 0;
			shellPath = /bin/sh;
			shellScript = "diff \"${PODS_PODFILE_DIR_PATH}/Podfile.lock\" \"${PODS_ROOT}/Manifest.lock\" > /dev/null\nif [ $? != 0 ] ; then\n    # print error to STDERR\n    echo \"error: The sandbox is not in sync with the Podfile.lock. Run 'pod install' or update your CocoaPods installation.\" >&2\n    exit 1\nfi\n# This output is used by Xcode 'outputs' to avoid re-running this script phase.\necho \"SUCCESS\" > \"${SCRIPT_OUTPUT_FILE_0}\"\n";
			showEnvVarsInLog = 0;
		};
		4C67AE3F6DD4B6054E27EBCC /* [CP] Embed Pods Frameworks */ = {
			isa = PBXShellScriptBuildPhase;
			buildActionMask = 2147483647;
			files = (
			);
			inputFileListPaths = (
				"${PODS_ROOT}/Target Support Files/Pods-MacOS_App_Test/Pods-MacOS_App_Test-frameworks-${CONFIGURATION}-input-files.xcfilelist",
			);
			name = "[CP] Embed Pods Frameworks";
			outputFileListPaths = (
				"${PODS_ROOT}/Target Support Files/Pods-MacOS_App_Test/Pods-MacOS_App_Test-frameworks-${CONFIGURATION}-output-files.xcfilelist",
			);
			runOnlyForDeploymentPostprocessing = 0;
			shellPath = /bin/sh;
			shellScript = "\"${PODS_ROOT}/Target Support Files/Pods-MacOS_App_Test/Pods-MacOS_App_Test-frameworks.sh\"\n";
			showEnvVarsInLog = 0;
		};
/* End PBXShellScriptBuildPhase section */

/* Begin PBXSourcesBuildPhase section */
		6E6CDD9B28C6419F005C17FE /* Sources */ = {
			isa = PBXSourcesBuildPhase;
			buildActionMask = 2147483647;
			files = (
				6E6CDDA528C6419F005C17FE /* ViewController.swift in Sources */,
				6E6CDDB928C8DFBB005C17FE /* EventMonitor.swift in Sources */,
				6E6CDDB428C64693005C17FE /* PopoverViewController.swift in Sources */,
				6E6CDDB728C78E53005C17FE /* MainMenuItem.swift in Sources */,
				6E6CDDA328C6419F005C17FE /* AppDelegate.swift in Sources */,
				AF15355928D3503A0038C1C1 /* Updater.swift in Sources */,
			);
			runOnlyForDeploymentPostprocessing = 0;
		};
/* End PBXSourcesBuildPhase section */

/* Begin PBXVariantGroup section */
		6E6CDDA828C641A3005C17FE /* Main.storyboard */ = {
			isa = PBXVariantGroup;
			children = (
				6E6CDDA928C641A3005C17FE /* Base */,
			);
			name = Main.storyboard;
			sourceTree = "<group>";
		};
/* End PBXVariantGroup section */

/* Begin XCBuildConfiguration section */
		6E6CDDAC28C641A3005C17FE /* Debug */ = {
			isa = XCBuildConfiguration;
			buildSettings = {
				ALWAYS_SEARCH_USER_PATHS = NO;
				CLANG_ANALYZER_NONNULL = YES;
				CLANG_ANALYZER_NUMBER_OBJECT_CONVERSION = YES_AGGRESSIVE;
				CLANG_CXX_LANGUAGE_STANDARD = "gnu++17";
				CLANG_ENABLE_MODULES = YES;
				CLANG_ENABLE_OBJC_ARC = YES;
				CLANG_ENABLE_OBJC_WEAK = YES;
				CLANG_WARN_BLOCK_CAPTURE_AUTORELEASING = YES;
				CLANG_WARN_BOOL_CONVERSION = YES;
				CLANG_WARN_COMMA = YES;
				CLANG_WARN_CONSTANT_CONVERSION = YES;
				CLANG_WARN_DEPRECATED_OBJC_IMPLEMENTATIONS = YES;
				CLANG_WARN_DIRECT_OBJC_ISA_USAGE = YES_ERROR;
				CLANG_WARN_DOCUMENTATION_COMMENTS = YES;
				CLANG_WARN_EMPTY_BODY = YES;
				CLANG_WARN_ENUM_CONVERSION = YES;
				CLANG_WARN_INFINITE_RECURSION = YES;
				CLANG_WARN_INT_CONVERSION = YES;
				CLANG_WARN_NON_LITERAL_NULL_CONVERSION = YES;
				CLANG_WARN_OBJC_IMPLICIT_RETAIN_SELF = YES;
				CLANG_WARN_OBJC_LITERAL_CONVERSION = YES;
				CLANG_WARN_OBJC_ROOT_CLASS = YES_ERROR;
				CLANG_WARN_QUOTED_INCLUDE_IN_FRAMEWORK_HEADER = YES;
				CLANG_WARN_RANGE_LOOP_ANALYSIS = YES;
				CLANG_WARN_STRICT_PROTOTYPES = YES;
				CLANG_WARN_SUSPICIOUS_MOVE = YES;
				CLANG_WARN_UNGUARDED_AVAILABILITY = YES_AGGRESSIVE;
				CLANG_WARN_UNREACHABLE_CODE = YES;
				CLANG_WARN__DUPLICATE_METHOD_MATCH = YES;
				COPY_PHASE_STRIP = NO;
				DEBUG_INFORMATION_FORMAT = dwarf;
				ENABLE_STRICT_OBJC_MSGSEND = YES;
				ENABLE_TESTABILITY = YES;
				GCC_C_LANGUAGE_STANDARD = gnu11;
				GCC_DYNAMIC_NO_PIC = NO;
				GCC_NO_COMMON_BLOCKS = YES;
				GCC_OPTIMIZATION_LEVEL = 0;
				GCC_PREPROCESSOR_DEFINITIONS = (
					"DEBUG=1",
					"$(inherited)",
				);
				GCC_WARN_64_TO_32_BIT_CONVERSION = YES;
				GCC_WARN_ABOUT_RETURN_TYPE = YES_ERROR;
				GCC_WARN_UNDECLARED_SELECTOR = YES;
				GCC_WARN_UNINITIALIZED_AUTOS = YES_AGGRESSIVE;
				GCC_WARN_UNUSED_FUNCTION = YES;
				GCC_WARN_UNUSED_VARIABLE = YES;
				MACOSX_DEPLOYMENT_TARGET = 12.3;
				MTL_ENABLE_DEBUG_INFO = INCLUDE_SOURCE;
				MTL_FAST_MATH = YES;
				ONLY_ACTIVE_ARCH = YES;
				SDKROOT = macosx;
				SWIFT_ACTIVE_COMPILATION_CONDITIONS = DEBUG;
				SWIFT_OPTIMIZATION_LEVEL = "-Onone";
			};
			name = Debug;
		};
		6E6CDDAD28C641A3005C17FE /* Release */ = {
			isa = XCBuildConfiguration;
			buildSettings = {
				ALWAYS_SEARCH_USER_PATHS = NO;
				CLANG_ANALYZER_NONNULL = YES;
				CLANG_ANALYZER_NUMBER_OBJECT_CONVERSION = YES_AGGRESSIVE;
				CLANG_CXX_LANGUAGE_STANDARD = "gnu++17";
				CLANG_ENABLE_MODULES = YES;
				CLANG_ENABLE_OBJC_ARC = YES;
				CLANG_ENABLE_OBJC_WEAK = YES;
				CLANG_WARN_BLOCK_CAPTURE_AUTORELEASING = YES;
				CLANG_WARN_BOOL_CONVERSION = YES;
				CLANG_WARN_COMMA = YES;
				CLANG_WARN_CONSTANT_CONVERSION = YES;
				CLANG_WARN_DEPRECATED_OBJC_IMPLEMENTATIONS = YES;
				CLANG_WARN_DIRECT_OBJC_ISA_USAGE = YES_ERROR;
				CLANG_WARN_DOCUMENTATION_COMMENTS = YES;
				CLANG_WARN_EMPTY_BODY = YES;
				CLANG_WARN_ENUM_CONVERSION = YES;
				CLANG_WARN_INFINITE_RECURSION = YES;
				CLANG_WARN_INT_CONVERSION = YES;
				CLANG_WARN_NON_LITERAL_NULL_CONVERSION = YES;
				CLANG_WARN_OBJC_IMPLICIT_RETAIN_SELF = YES;
				CLANG_WARN_OBJC_LITERAL_CONVERSION = YES;
				CLANG_WARN_OBJC_ROOT_CLASS = YES_ERROR;
				CLANG_WARN_QUOTED_INCLUDE_IN_FRAMEWORK_HEADER = YES;
				CLANG_WARN_RANGE_LOOP_ANALYSIS = YES;
				CLANG_WARN_STRICT_PROTOTYPES = YES;
				CLANG_WARN_SUSPICIOUS_MOVE = YES;
				CLANG_WARN_UNGUARDED_AVAILABILITY = YES_AGGRESSIVE;
				CLANG_WARN_UNREACHABLE_CODE = YES;
				CLANG_WARN__DUPLICATE_METHOD_MATCH = YES;
				COPY_PHASE_STRIP = NO;
				DEBUG_INFORMATION_FORMAT = "dwarf-with-dsym";
				ENABLE_NS_ASSERTIONS = NO;
				ENABLE_STRICT_OBJC_MSGSEND = YES;
				GCC_C_LANGUAGE_STANDARD = gnu11;
				GCC_NO_COMMON_BLOCKS = YES;
				GCC_WARN_64_TO_32_BIT_CONVERSION = YES;
				GCC_WARN_ABOUT_RETURN_TYPE = YES_ERROR;
				GCC_WARN_UNDECLARED_SELECTOR = YES;
				GCC_WARN_UNINITIALIZED_AUTOS = YES_AGGRESSIVE;
				GCC_WARN_UNUSED_FUNCTION = YES;
				GCC_WARN_UNUSED_VARIABLE = YES;
				MACOSX_DEPLOYMENT_TARGET = 12.3;
				MTL_ENABLE_DEBUG_INFO = NO;
				MTL_FAST_MATH = YES;
				SDKROOT = macosx;
				SWIFT_COMPILATION_MODE = wholemodule;
				SWIFT_OPTIMIZATION_LEVEL = "-O";
			};
			name = Release;
		};
		6E6CDDAF28C641A3005C17FE /* Debug */ = {
			isa = XCBuildConfiguration;
			baseConfigurationReference = 2A874914989C0C77E1EC88E9 /* Pods-MacOS_App_Test.debug.xcconfig */;
			buildSettings = {
				ASSETCATALOG_COMPILER_APPICON_NAME = AppIcon;
				ASSETCATALOG_COMPILER_GLOBAL_ACCENT_COLOR_NAME = AccentColor;
				CODE_SIGN_ENTITLEMENTS = MacOS_App_Test/MacOS_App_Test.entitlements;
				CODE_SIGN_STYLE = Automatic;
				COMBINE_HIDPI_IMAGES = YES;
				CURRENT_PROJECT_VERSION = 1;
				DEVELOPMENT_TEAM = RF2LPG6C4X;
				ENABLE_HARDENED_RUNTIME = YES;
				GENERATE_INFOPLIST_FILE = YES;
				INFOPLIST_FILE = "MacOS-App-Test-Info.plist";
				INFOPLIST_KEY_LSUIElement = NO;
				INFOPLIST_KEY_NSHumanReadableCopyright = "";
				INFOPLIST_KEY_NSMainStoryboardFile = Main;
				INFOPLIST_KEY_NSPrincipalClass = NSApplication;
				LD_RUNPATH_SEARCH_PATHS = (
					"$(inherited)",
					"@executable_path/../Frameworks",
				);
				MACOSX_DEPLOYMENT_TARGET = 11.0;
				MARKETING_VERSION = 1.0;
				PRODUCT_BUNDLE_IDENTIFIER = "com.neusoft.MacOS-App-Test";
				PRODUCT_NAME = "$(TARGET_NAME)";
				SWIFT_EMIT_LOC_STRINGS = YES;
				SWIFT_VERSION = 5.0;
			};
			name = Debug;
		};
		6E6CDDB028C641A3005C17FE /* Release */ = {
			isa = XCBuildConfiguration;
			baseConfigurationReference = EA59E052E77661150A35B184 /* Pods-MacOS_App_Test.release.xcconfig */;
			buildSettings = {
				ASSETCATALOG_COMPILER_APPICON_NAME = AppIcon;
				ASSETCATALOG_COMPILER_GLOBAL_ACCENT_COLOR_NAME = AccentColor;
				CODE_SIGN_ENTITLEMENTS = MacOS_App_Test/MacOS_App_Test.entitlements;
				CODE_SIGN_STYLE = Automatic;
				COMBINE_HIDPI_IMAGES = YES;
				CURRENT_PROJECT_VERSION = 1;
				DEVELOPMENT_TEAM = RF2LPG6C4X;
				ENABLE_HARDENED_RUNTIME = YES;
				GENERATE_INFOPLIST_FILE = YES;
				INFOPLIST_FILE = "MacOS-App-Test-Info.plist";
				INFOPLIST_KEY_LSUIElement = NO;
				INFOPLIST_KEY_NSHumanReadableCopyright = "";
				INFOPLIST_KEY_NSMainStoryboardFile = Main;
				INFOPLIST_KEY_NSPrincipalClass = NSApplication;
				LD_RUNPATH_SEARCH_PATHS = (
					"$(inherited)",
					"@executable_path/../Frameworks",
				);
				MACOSX_DEPLOYMENT_TARGET = 11.0;
				MARKETING_VERSION = 1.0;
				PRODUCT_BUNDLE_IDENTIFIER = "com.neusoft.MacOS-App-Test";
				PRODUCT_NAME = "$(TARGET_NAME)";
				SWIFT_EMIT_LOC_STRINGS = YES;
				SWIFT_VERSION = 5.0;
			};
			name = Release;
		};
/* End XCBuildConfiguration section */

/* Begin XCConfigurationList section */
		6E6CDD9A28C6419F005C17FE /* Build configuration list for PBXProject "MacOS_App_Test" */ = {
			isa = XCConfigurationList;
			buildConfigurations = (
				6E6CDDAC28C641A3005C17FE /* Debug */,
				6E6CDDAD28C641A3005C17FE /* Release */,
			);
			defaultConfigurationIsVisible = 0;
			defaultConfigurationName = Release;
		};
		6E6CDDAE28C641A3005C17FE /* Build configuration list for PBXNativeTarget "MacOS_App_Test" */ = {
			isa = XCConfigurationList;
			buildConfigurations = (
				6E6CDDAF28C641A3005C17FE /* Debug */,
				6E6CDDB028C641A3005C17FE /* Release */,
			);
			defaultConfigurationIsVisible = 0;
			defaultConfigurationName = Release;
		};
/* End XCConfigurationList section */
	};
	rootObject = 6E6CDD9728C6419F005C17FE /* Project object */;
}
